
Microsoft Visual Studio Solution File, Format Version 12.00
# Visual Studio 2012
Project("{FAE04EC0-301F-11D3-BF4B-00C04F79EFBC}") = "TestWebApp", "..\VSProjects\TestWebApp\TestWebApp.csproj", "{7391FDAF-F059-46FD-AB45-F00F2E8288B6}"
EndProject
Project("{FAE04EC0-301F-11D3-BF4B-00C04F79EFBC}") = "Parsing", "..\VSProjects\Parsing\Parsing.csproj", "{ABF0C475-C489-4C87-AA03-B8CF49F89F76}"
EndProject
Project("{FAE04EC0-301F-11D3-BF4B-00C04F79EFBC}") = "ServeRick", "..\VSProjects\ServeRick\ServeRick.csproj", "{448AA490-1B38-4C66-B915-EBA43D4695DF}"
EndProject
Project("{FAE04EC0-301F-11D3-BF4B-00C04F79EFBC}") = "ServeRick.UnitTesting", "..\VSProjects\ServeRick.UnitTesting\ServeRick.UnitTesting.csproj", "{0303F157-69BC-47DA-AFBC-F65CC0D3618E}"
EndProject
Global
	GlobalSection(SolutionConfigurationPlatforms) = preSolution
		Debug|Any CPU = Debug|Any CPU
		Debug|Mixed Platforms = Debug|Mixed Platforms
		Debug|x86 = Debug|x86
		Release|Any CPU = Release|Any CPU
		Release|Mixed Platforms = Release|Mixed Platforms
		Release|x86 = Release|x86
	EndGlobalSection
	GlobalSection(ProjectConfigurationPlatforms) = postSolution
		{7391FDAF-F059-46FD-AB45-F00F2E8288B6}.Debug|Any CPU.ActiveCfg = Debug|Any CPU
		{7391FDAF-F059-46FD-AB45-F00F2E8288B6}.Debug|Any CPU.Build.0 = Debug|Any CPU
		{7391FDAF-F059-46FD-AB45-F00F2E8288B6}.Debug|Mixed Platforms.ActiveCfg = Debug|Any CPU
		{7391FDAF-F059-46FD-AB45-F00F2E8288B6}.Debug|Mixed Platforms.Build.0 = Debug|Any CPU
		{7391FDAF-F059-46FD-AB45-F00F2E8288B6}.Debug|x86.ActiveCfg = Debug|Any CPU
		{7391FDAF-F059-46FD-AB45-F00F2E8288B6}.Release|Any CPU.ActiveCfg = Release|Any CPU
		{7391FDAF-F059-46FD-AB45-F00F2E8288B6}.Release|Any CPU.Build.0 = Release|Any CPU
		{7391FDAF-F059-46FD-AB45-F00F2E8288B6}.Release|Mixed Platforms.ActiveCfg = Release|Any CPU
		{7391FDAF-F059-46FD-AB45-F00F2E8288B6}.Release|Mixed Platforms.Build.0 = Release|Any CPU
		{7391FDAF-F059-46FD-AB45-F00F2E8288B6}.Release|x86.ActiveCfg = Release|Any CPU
		{ABF0C475-C489-4C87-AA03-B8CF49F89F76}.Debug|Any CPU.ActiveCfg = Debug|Any CPU
		{ABF0C475-C489-4C87-AA03-B8CF49F89F76}.Debug|Any CPU.Build.0 = Debug|Any CPU
		{ABF0C475-C489-4C87-AA03-B8CF49F89F76}.Debug|Mixed Platforms.ActiveCfg = Debug|Any CPU
		{ABF0C475-C489-4C87-AA03-B8CF49F89F76}.Debug|Mixed Platforms.Build.0 = Debug|Any CPU
		{ABF0C475-C489-4C87-AA03-B8CF49F89F76}.Debug|x86.ActiveCfg = Debug|Any CPU
		{ABF0C475-C489-4C87-AA03-B8CF49F89F76}.Release|Any CPU.ActiveCfg = Release|Any CPU
		{ABF0C475-C489-4C87-AA03-B8CF49F89F76}.Release|Any CPU.Build.0 = Release|Any CPU
		{ABF0C475-C489-4C87-AA03-B8CF49F89F76}.Release|Mixed Platforms.ActiveCfg = Release|Any CPU
		{ABF0C475-C489-4C87-AA03-B8CF49F89F76}.Release|Mixed Platforms.Build.0 = Release|Any CPU
		{ABF0C475-C489-4C87-AA03-B8CF49F89F76}.Release|x86.ActiveCfg = Release|Any CPU
		{448AA490-1B38-4C66-B915-EBA43D4695DF}.Debug|Any CPU.ActiveCfg = Debug|Any CPU
		{448AA490-1B38-4C66-B915-EBA43D4695DF}.Debug|Any CPU.Build.0 = Debug|Any CPU
		{448AA490-1B38-4C66-B915-EBA43D4695DF}.Debug|Mixed Platforms.ActiveCfg = Debug|x86
		{448AA490-1B38-4C66-B915-EBA43D4695DF}.Debug|Mixed Platforms.Build.0 = Debug|x86
		{448AA490-1B38-4C66-B915-EBA43D4695DF}.Debug|x86.ActiveCfg = Debug|x86
		{448AA490-1B38-4C66-B915-EBA43D4695DF}.Debug|x86.Build.0 = Debug|x86
		{448AA490-1B38-4C66-B915-EBA43D4695DF}.Release|Any CPU.ActiveCfg = Release|Any CPU
		{448AA490-1B38-4C66-B915-EBA43D4695DF}.Release|Any CPU.Build.0 = Release|Any CPU
		{448AA490-1B38-4C66-B915-EBA43D4695DF}.Release|Mixed Platforms.ActiveCfg = Release|x86
		{448AA490-1B38-4C66-B915-EBA43D4695DF}.Release|Mixed Platforms.Build.0 = Release|x86
		{448AA490-1B38-4C66-B915-EBA43D4695DF}.Release|x86.ActiveCfg = Release|x86
		{448AA490-1B38-4C66-B915-EBA43D4695DF}.Release|x86.Build.0 = Release|x86
		{0303F157-69BC-47DA-AFBC-F65CC0D3618E}.Debug|Any CPU.ActiveCfg = Debug|Any CPU
		{0303F157-69BC-47DA-AFBC-F65CC0D3618E}.Debug|Any CPU.Build.0 = Debug|Any CPU
		{0303F157-69BC-47DA-AFBC-F65CC0D3618E}.Debug|Mixed Platforms.ActiveCfg = Debug|Any CPU
		{0303F157-69BC-47DA-AFBC-F65CC0D3618E}.Debug|Mixed Platforms.Build.0 = Debug|Any CPU
		{0303F157-69BC-47DA-AFBC-F65CC0D3618E}.Debug|x86.ActiveCfg = Debug|Any CPU
		{0303F157-69BC-47DA-AFBC-F65CC0D3618E}.Release|Any CPU.ActiveCfg = Release|Any CPU
		{0303F157-69BC-47DA-AFBC-F65CC0D3618E}.Release|Any CPU.Build.0 = Release|Any CPU
		{0303F157-69BC-47DA-AFBC-F65CC0D3618E}.Release|Mixed Platforms.ActiveCfg = Release|Any CPU
		{0303F157-69BC-47DA-AFBC-F65CC0D3618E}.Release|Mixed Platforms.Build.0 = Release|Any CPU
		{0303F157-69BC-47DA-AFBC-F65CC0D3618E}.Release|x86.ActiveCfg = Release|Any CPU
	EndGlobalSection
	GlobalSection(SolutionProperties) = preSolution
		HideSolutionNode = FALSE
	EndGlobalSection
	GlobalSection(Performance) = preSolution
		HasPerformanceSessions = true
	EndGlobalSection
EndGlobal
